// !$*UTF8*$!
{
	archiveVersion = 1;
	classes = {
	};
	objectVersion = 50;
	objects = {

/* Begin PBXBuildFile section */
		0916DABD25C1A41C00F0627E /* Tests_iOS.swift in Sources */ = {isa = PBXBuildFile; fileRef = 0916DABC25C1A41C00F0627E /* Tests_iOS.swift */; };
		0916DAC825C1A41C00F0627E /* Tests_macOS.swift in Sources */ = {isa = PBXBuildFile; fileRef = 0916DAC725C1A41C00F0627E /* Tests_macOS.swift */; };
		0916DACA25C1A41C00F0627E /* ClavaOnboardingApp.swift in Sources */ = {isa = PBXBuildFile; fileRef = 0916DAA125C1A41C00F0627E /* ClavaOnboardingApp.swift */; };
		0916DACB25C1A41C00F0627E /* ClavaOnboardingApp.swift in Sources */ = {isa = PBXBuildFile; fileRef = 0916DAA125C1A41C00F0627E /* ClavaOnboardingApp.swift */; };
		0916DACC25C1A41C00F0627E /* ContentView.swift in Sources */ = {isa = PBXBuildFile; fileRef = 0916DAA225C1A41C00F0627E /* ContentView.swift */; };
		0916DACD25C1A41C00F0627E /* ContentView.swift in Sources */ = {isa = PBXBuildFile; fileRef = 0916DAA225C1A41C00F0627E /* ContentView.swift */; };
		0916DACE25C1A41C00F0627E /* Assets.xcassets in Resources */ = {isa = PBXBuildFile; fileRef = 0916DAA325C1A41C00F0627E /* Assets.xcassets */; };
		0916DACF25C1A41C00F0627E /* Assets.xcassets in Resources */ = {isa = PBXBuildFile; fileRef = 0916DAA325C1A41C00F0627E /* Assets.xcassets */; };
/* End PBXBuildFile section */

/* Begin PBXContainerItemProxy section */
		0916DAB925C1A41C00F0627E /* PBXContainerItemProxy */ = {
			isa = PBXContainerItemProxy;
			containerPortal = 0916DA9C25C1A41C00F0627E /* Project object */;
			proxyType = 1;
			remoteGlobalIDString = 0916DAA725C1A41C00F0627E;
			remoteInfo = "ClavaOnboarding (iOS)";
		};
		0916DAC425C1A41C00F0627E /* PBXContainerItemProxy */ = {
			isa = PBXContainerItemProxy;
			containerPortal = 0916DA9C25C1A41C00F0627E /* Project object */;
			proxyType = 1;
			remoteGlobalIDString = 0916DAAF25C1A41C00F0627E;
			remoteInfo = "ClavaOnboarding (macOS)";
		};
/* End PBXContainerItemProxy section */

/* Begin PBXFileReference section */
		0916DAA125C1A41C00F0627E /* ClavaOnboardingApp.swift */ = {isa = PBXFileReference; lastKnownFileType = sourcecode.swift; path = ClavaOnboardingApp.swift; sourceTree = "<group>"; };
		0916DAA225C1A41C00F0627E /* ContentView.swift */ = {isa = PBXFileReference; lastKnownFileType = sourcecode.swift; path = ContentView.swift; sourceTree = "<group>"; };
		0916DAA325C1A41C00F0627E /* Assets.xcassets */ = {isa = PBXFileReference; lastKnownFileType = folder.assetcatalog; path = Assets.xcassets; sourceTree = "<group>"; };
		0916DAA825C1A41C00F0627E /* ClavaOnboarding.app */ = {isa = PBXFileReference; explicitFileType = wrapper.application; includeInIndex = 0; path = ClavaOnboarding.app; sourceTree = BUILT_PRODUCTS_DIR; };
		0916DAAB25C1A41C00F0627E /* Info.plist */ = {isa = PBXFileReference; lastKnownFileType = text.plist.xml; path = Info.plist; sourceTree = "<group>"; };
		0916DAB025C1A41C00F0627E /* ClavaOnboarding.app */ = {isa = PBXFileReference; explicitFileType = wrapper.application; includeInIndex = 0; path = ClavaOnboarding.app; sourceTree = BUILT_PRODUCTS_DIR; };
		0916DAB225C1A41C00F0627E /* Info.plist */ = {isa = PBXFileReference; lastKnownFileType = text.plist.xml; path = Info.plist; sourceTree = "<group>"; };
		0916DAB325C1A41C00F0627E /* macOS.entitlements */ = {isa = PBXFileReference; lastKnownFileType = text.plist.entitlements; path = macOS.entitlements; sourceTree = "<group>"; };
		0916DAB825C1A41C00F0627E /* Tests iOS.xctest */ = {isa = PBXFileReference; explicitFileType = wrapper.cfbundle; includeInIndex = 0; path = "Tests iOS.xctest"; sourceTree = BUILT_PRODUCTS_DIR; };
		0916DABC25C1A41C00F0627E /* Tests_iOS.swift */ = {isa = PBXFileReference; lastKnownFileType = sourcecode.swift; path = Tests_iOS.swift; sourceTree = "<group>"; };
		0916DABE25C1A41C00F0627E /* Info.plist */ = {isa = PBXFileReference; lastKnownFileType = text.plist.xml; path = Info.plist; sourceTree = "<group>"; };
		0916DAC325C1A41C00F0627E /* Tests macOS.xctest */ = {isa = PBXFileReference; explicitFileType = wrapper.cfbundle; includeInIndex = 0; path = "Tests macOS.xctest"; sourceTree = BUILT_PRODUCTS_DIR; };
		0916DAC725C1A41C00F0627E /* Tests_macOS.swift */ = {isa = PBXFileReference; lastKnownFileType = sourcecode.swift; path = Tests_macOS.swift; sourceTree = "<group>"; };
		0916DAC925C1A41C00F0627E /* Info.plist */ = {isa = PBXFileReference; lastKnownFileType = text.plist.xml; path = Info.plist; sourceTree = "<group>"; };
/* End PBXFileReference section */

/* Begin PBXFrameworksBuildPhase section */
		0916DAA525C1A41C00F0627E /* Frameworks */ = {
			isa = PBXFrameworksBuildPhase;
			buildActionMask = 2147483647;
			files = (
			);
			runOnlyForDeploymentPostprocessing = 0;
		};
		0916DAAD25C1A41C00F0627E /* Frameworks */ = {
			isa = PBXFrameworksBuildPhase;
			buildActionMask = 2147483647;
			files = (
			);
			runOnlyForDeploymentPostprocessing = 0;
		};
		0916DAB525C1A41C00F0627E /* Frameworks */ = {
			isa = PBXFrameworksBuildPhase;
			buildActionMask = 2147483647;
			files = (
			);
			runOnlyForDeploymentPostprocessing = 0;
		};
		0916DAC025C1A41C00F0627E /* Frameworks */ = {
			isa = PBXFrameworksBuildPhase;
			buildActionMask = 2147483647;
			files = (
			);
			runOnlyForDeploymentPostprocessing = 0;
		};
/* End PBXFrameworksBuildPhase section */

/* Begin PBXGroup section */
		0916DA9B25C1A41C00F0627E = {
			isa = PBXGroup;
			children = (
				0916DAA025C1A41C00F0627E /* Shared */,
				0916DAAA25C1A41C00F0627E /* iOS */,
				0916DAB125C1A41C00F0627E /* macOS */,
				0916DABB25C1A41C00F0627E /* Tests iOS */,
				0916DAC625C1A41C00F0627E /* Tests macOS */,
				0916DAA925C1A41C00F0627E /* Products */,
			);
			sourceTree = "<group>";
		};
		0916DAA025C1A41C00F0627E /* Shared */ = {
			isa = PBXGroup;
			children = (
				0916DAA125C1A41C00F0627E /* ClavaOnboardingApp.swift */,
				0916DAA225C1A41C00F0627E /* ContentView.swift */,
				0916DAA325C1A41C00F0627E /* Assets.xcassets */,
			);
			path = Shared;
			sourceTree = "<group>";
		};
		0916DAA925C1A41C00F0627E /* Products */ = {
			isa = PBXGroup;
			children = (
				0916DAA825C1A41C00F0627E /* ClavaOnboarding.app */,
				0916DAB025C1A41C00F0627E /* ClavaOnboarding.app */,
				0916DAB825C1A41C00F0627E /* Tests iOS.xctest */,
				0916DAC325C1A41C00F0627E /* Tests macOS.xctest */,
			);
			name = Products;
			sourceTree = "<group>";
		};
		0916DAAA25C1A41C00F0627E /* iOS */ = {
			isa = PBXGroup;
			children = (
				0916DAAB25C1A41C00F0627E /* Info.plist */,
			);
			path = iOS;
			sourceTree = "<group>";
		};
		0916DAB125C1A41C00F0627E /* macOS */ = {
			isa = PBXGroup;
			children = (
				0916DAB225C1A41C00F0627E /* Info.plist */,
				0916DAB325C1A41C00F0627E /* macOS.entitlements */,
			);
			path = macOS;
			sourceTree = "<group>";
		};
		0916DABB25C1A41C00F0627E /* Tests iOS */ = {
			isa = PBXGroup;
			children = (
				0916DABC25C1A41C00F0627E /* Tests_iOS.swift */,
				0916DABE25C1A41C00F0627E /* Info.plist */,
			);
			path = "Tests iOS";
			sourceTree = "<group>";
		};
		0916DAC625C1A41C00F0627E /* Tests macOS */ = {
			isa = PBXGroup;
			children = (
				0916DAC725C1A41C00F0627E /* Tests_macOS.swift */,
				0916DAC925C1A41C00F0627E /* Info.plist */,
			);
			path = "Tests macOS";
			sourceTree = "<group>";
		};
/* End PBXGroup section */

/* Begin PBXNativeTarget section */
		0916DAA725C1A41C00F0627E /* ClavaOnboarding (iOS) */ = {
			isa = PBXNativeTarget;
			buildConfigurationList = 0916DAD225C1A41C00F0627E /* Build configuration list for PBXNativeTarget "ClavaOnboarding (iOS)" */;
			buildPhases = (
				0916DAA425C1A41C00F0627E /* Sources */,
				0916DAA525C1A41C00F0627E /* Frameworks */,
				0916DAA625C1A41C00F0627E /* Resources */,
			);
			buildRules = (
			);
			dependencies = (
			);
			name = "ClavaOnboarding (iOS)";
			productName = "ClavaOnboarding (iOS)";
			productReference = 0916DAA825C1A41C00F0627E /* ClavaOnboarding.app */;
			productType = "com.apple.product-type.application";
		};
		0916DAAF25C1A41C00F0627E /* ClavaOnboarding (macOS) */ = {
			isa = PBXNativeTarget;
			buildConfigurationList = 0916DAD525C1A41C00F0627E /* Build configuration list for PBXNativeTarget "ClavaOnboarding (macOS)" */;
			buildPhases = (
				0916DAAC25C1A41C00F0627E /* Sources */,
				0916DAAD25C1A41C00F0627E /* Frameworks */,
				0916DAAE25C1A41C00F0627E /* Resources */,
			);
			buildRules = (
			);
			dependencies = (
			);
			name = "ClavaOnboarding (macOS)";
			productName = "ClavaOnboarding (macOS)";
			productReference = 0916DAB025C1A41C00F0627E /* ClavaOnboarding.app */;
			productType = "com.apple.product-type.application";
		};
		0916DAB725C1A41C00F0627E /* Tests iOS */ = {
			isa = PBXNativeTarget;
			buildConfigurationList = 0916DAD825C1A41C00F0627E /* Build configuration list for PBXNativeTarget "Tests iOS" */;
			buildPhases = (
				0916DAB425C1A41C00F0627E /* Sources */,
				0916DAB525C1A41C00F0627E /* Frameworks */,
				0916DAB625C1A41C00F0627E /* Resources */,
			);
			buildRules = (
			);
			dependencies = (
				0916DABA25C1A41C00F0627E /* PBXTargetDependency */,
			);
			name = "Tests iOS";
			productName = "Tests iOS";
			productReference = 0916DAB825C1A41C00F0627E /* Tests iOS.xctest */;
			productType = "com.apple.product-type.bundle.ui-testing";
		};
		0916DAC225C1A41C00F0627E /* Tests macOS */ = {
			isa = PBXNativeTarget;
			buildConfigurationList = 0916DADB25C1A41C00F0627E /* Build configuration list for PBXNativeTarget "Tests macOS" */;
			buildPhases = (
				0916DABF25C1A41C00F0627E /* Sources */,
				0916DAC025C1A41C00F0627E /* Frameworks */,
				0916DAC125C1A41C00F0627E /* Resources */,
			);
			buildRules = (
			);
			dependencies = (
				0916DAC525C1A41C00F0627E /* PBXTargetDependency */,
			);
			name = "Tests macOS";
			productName = "Tests macOS";
			productReference = 0916DAC325C1A41C00F0627E /* Tests macOS.xctest */;
			productType = "com.apple.product-type.bundle.ui-testing";
		};
/* End PBXNativeTarget section */

/* Begin PBXProject section */
		0916DA9C25C1A41C00F0627E /* Project object */ = {
			isa = PBXProject;
			attributes = {
				LastSwiftUpdateCheck = 1240;
				LastUpgradeCheck = 1240;
				TargetAttributes = {
					0916DAA725C1A41C00F0627E = {
						CreatedOnToolsVersion = 12.4;
					};
					0916DAAF25C1A41C00F0627E = {
						CreatedOnToolsVersion = 12.4;
					};
					0916DAB725C1A41C00F0627E = {
						CreatedOnToolsVersion = 12.4;
						TestTargetID = 0916DAA725C1A41C00F0627E;
					};
					0916DAC225C1A41C00F0627E = {
						CreatedOnToolsVersion = 12.4;
						TestTargetID = 0916DAAF25C1A41C00F0627E;
					};
				};
			};
			buildConfigurationList = 0916DA9F25C1A41C00F0627E /* Build configuration list for PBXProject "ClavaOnboarding" */;
			compatibilityVersion = "Xcode 9.3";
			developmentRegion = en;
			hasScannedForEncodings = 0;
			knownRegions = (
				en,
				Base,
			);
			mainGroup = 0916DA9B25C1A41C00F0627E;
			productRefGroup = 0916DAA925C1A41C00F0627E /* Products */;
			projectDirPath = "";
			projectRoot = "";
			targets = (
				0916DAA725C1A41C00F0627E /* ClavaOnboarding (iOS) */,
				0916DAAF25C1A41C00F0627E /* ClavaOnboarding (macOS) */,
				0916DAB725C1A41C00F0627E /* Tests iOS */,
				0916DAC225C1A41C00F0627E /* Tests macOS */,
			);
		};
/* End PBXProject section */

/* Begin PBXResourcesBuildPhase section */
		0916DAA625C1A41C00F0627E /* Resources */ = {
			isa = PBXResourcesBuildPhase;
			buildActionMask = 2147483647;
			files = (
				0916DACE25C1A41C00F0627E /* Assets.xcassets in Resources */,
			);
			runOnlyForDeploymentPostprocessing = 0;
		};
		0916DAAE25C1A41C00F0627E /* Resources */ = {
			isa = PBXResourcesBuildPhase;
			buildActionMask = 2147483647;
			files = (
				0916DACF25C1A41C00F0627E /* Assets.xcassets in Resources */,
			);
			runOnlyForDeploymentPostprocessing = 0;
		};
		0916DAB625C1A41C00F0627E /* Resources */ = {
			isa = PBXResourcesBuildPhase;
			buildActionMask = 2147483647;
			files = (
			);
			runOnlyForDeploymentPostprocessing = 0;
		};
		0916DAC125C1A41C00F0627E /* Resources */ = {
			isa = PBXResourcesBuildPhase;
			buildActionMask = 2147483647;
			files = (
			);
			runOnlyForDeploymentPostprocessing = 0;
		};
/* End PBXResourcesBuildPhase section */

/* Begin PBXSourcesBuildPhase section */
		0916DAA425C1A41C00F0627E /* Sources */ = {
			isa = PBXSourcesBuildPhase;
			buildActionMask = 2147483647;
			files = (
				0916DACC25C1A41C00F0627E /* ContentView.swift in Sources */,
				0916DACA25C1A41C00F0627E /* ClavaOnboardingApp.swift in Sources */,
			);
			runOnlyForDeploymentPostprocessing = 0;
		};
		0916DAAC25C1A41C00F0627E /* Sources */ = {
			isa = PBXSourcesBuildPhase;
			buildActionMask = 2147483647;
			files = (
				0916DACD25C1A41C00F0627E /* ContentView.swift in Sources */,
				0916DACB25C1A41C00F0627E /* ClavaOnboardingApp.swift in Sources */,
			);
			runOnlyForDeploymentPostprocessing = 0;
		};
		0916DAB425C1A41C00F0627E /* Sources */ = {
			isa = PBXSourcesBuildPhase;
			buildActionMask = 2147483647;
			files = (
				0916DABD25C1A41C00F0627E /* Tests_iOS.swift in Sources */,
			);
			runOnlyForDeploymentPostprocessing = 0;
		};
		0916DABF25C1A41C00F0627E /* Sources */ = {
			isa = PBXSourcesBuildPhase;
			buildActionMask = 2147483647;
			files = (
				0916DAC825C1A41C00F0627E /* Tests_macOS.swift in Sources */,
			);
			runOnlyForDeploymentPostprocessing = 0;
		};
/* End PBXSourcesBuildPhase section */

/* Begin PBXTargetDependency section */
		0916DABA25C1A41C00F0627E /* PBXTargetDependency */ = {
			isa = PBXTargetDependency;
			target = 0916DAA725C1A41C00F0627E /* ClavaOnboarding (iOS) */;
			targetProxy = 0916DAB925C1A41C00F0627E /* PBXContainerItemProxy */;
		};
		0916DAC525C1A41C00F0627E /* PBXTargetDependency */ = {
			isa = PBXTargetDependency;
			target = 0916DAAF25C1A41C00F0627E /* ClavaOnboarding (macOS) */;
			targetProxy = 0916DAC425C1A41C00F0627E /* PBXContainerItemProxy */;
		};
/* End PBXTargetDependency section */

/* Begin XCBuildConfiguration section */
		0916DAD025C1A41C00F0627E /* Debug */ = {
			isa = XCBuildConfiguration;
			buildSettings = {
				ALWAYS_SEARCH_USER_PATHS = NO;
				CLANG_ANALYZER_NONNULL = YES;
				CLANG_ANALYZER_NUMBER_OBJECT_CONVERSION = YES_AGGRESSIVE;
				CLANG_CXX_LANGUAGE_STANDARD = "gnu++14";
				CLANG_CXX_LIBRARY = "libc++";
				CLANG_ENABLE_MODULES = YES;
				CLANG_ENABLE_OBJC_ARC = YES;
				CLANG_ENABLE_OBJC_WEAK = YES;
				CLANG_WARN_BLOCK_CAPTURE_AUTORELEASING = YES;
				CLANG_WARN_BOOL_CONVERSION = YES;
				CLANG_WARN_COMMA = YES;
				CLANG_WARN_CONSTANT_CONVERSION = YES;
				CLANG_WARN_DEPRECATED_OBJC_IMPLEMENTATIONS = YES;
				CLANG_WARN_DIRECT_OBJC_ISA_USAGE = YES_ERROR;
				CLANG_WARN_DOCUMENTATION_COMMENTS = YES;
				CLANG_WARN_EMPTY_BODY = YES;
				CLANG_WARN_ENUM_CONVERSION = YES;
				CLANG_WARN_INFINITE_RECURSION = YES;
				CLANG_WARN_INT_CONVERSION = YES;
				CLANG_WARN_NON_LITERAL_NULL_CONVERSION = YES;
				CLANG_WARN_OBJC_IMPLICIT_RETAIN_SELF = YES;
				CLANG_WARN_OBJC_LITERAL_CONVERSION = YES;
				CLANG_WARN_OBJC_ROOT_CLASS = YES_ERROR;
				CLANG_WARN_QUOTED_INCLUDE_IN_FRAMEWORK_HEADER = YES;
				CLANG_WARN_RANGE_LOOP_ANALYSIS = YES;
				CLANG_WARN_STRICT_PROTOTYPES = YES;
				CLANG_WARN_SUSPICIOUS_MOVE = YES;
				CLANG_WARN_UNGUARDED_AVAILABILITY = YES_AGGRESSIVE;
				CLANG_WARN_UNREACHABLE_CODE = YES;
				CLANG_WARN__DUPLICATE_METHOD_MATCH = YES;
				COPY_PHASE_STRIP = NO;
				DEBUG_INFORMATION_FORMAT = dwarf;
				ENABLE_STRICT_OBJC_MSGSEND = YES;
				ENABLE_TESTABILITY = YES;
				GCC_C_LANGUAGE_STANDARD = gnu11;
				GCC_DYNAMIC_NO_PIC = NO;
				GCC_NO_COMMON_BLOCKS = YES;
				GCC_OPTIMIZATION_LEVEL = 0;
				GCC_PREPROCESSOR_DEFINITIONS = (
					"DEBUG=1",
					"$(inherited)",
				);
				GCC_WARN_64_TO_32_BIT_CONVERSION = YES;
				GCC_WARN_ABOUT_RETURN_TYPE = YES_ERROR;
				GCC_WARN_UNDECLARED_SELECTOR = YES;
				GCC_WARN_UNINITIALIZED_AUTOS = YES_AGGRESSIVE;
				GCC_WARN_UNUSED_FUNCTION = YES;
				GCC_WARN_UNUSED_VARIABLE = YES;
				MTL_ENABLE_DEBUG_INFO = INCLUDE_SOURCE;
				MTL_FAST_MATH = YES;
				ONLY_ACTIVE_ARCH = YES;
				SWIFT_ACTIVE_COMPILATION_CONDITIONS = DEBUG;
				SWIFT_OPTIMIZATION_LEVEL = "-Onone";
			};
			name = Debug;
		};
		0916DAD125C1A41C00F0627E /* Release */ = {
			isa = XCBuildConfiguration;
			buildSettings = {
				ALWAYS_SEARCH_USER_PATHS = NO;
				CLANG_ANALYZER_NONNULL = YES;
				CLANG_ANALYZER_NUMBER_OBJECT_CONVERSION = YES_AGGRESSIVE;
				CLANG_CXX_LANGUAGE_STANDARD = "gnu++14";
				CLANG_CXX_LIBRARY = "libc++";
				CLANG_ENABLE_MODULES = YES;
				CLANG_ENABLE_OBJC_ARC = YES;
				CLANG_ENABLE_OBJC_WEAK = YES;
				CLANG_WARN_BLOCK_CAPTURE_AUTORELEASING = YES;
				CLANG_WARN_BOOL_CONVERSION = YES;
				CLANG_WARN_COMMA = YES;
				CLANG_WARN_CONSTANT_CONVERSION = YES;
				CLANG_WARN_DEPRECATED_OBJC_IMPLEMENTATIONS = YES;
				CLANG_WARN_DIRECT_OBJC_ISA_USAGE = YES_ERROR;
				CLANG_WARN_DOCUMENTATION_COMMENTS = YES;
				CLANG_WARN_EMPTY_BODY = YES;
				CLANG_WARN_ENUM_CONVERSION = YES;
				CLANG_WARN_INFINITE_RECURSION = YES;
				CLANG_WARN_INT_CONVERSION = YES;
				CLANG_WARN_NON_LITERAL_NULL_CONVERSION = YES;
				CLANG_WARN_OBJC_IMPLICIT_RETAIN_SELF = YES;
				CLANG_WARN_OBJC_LITERAL_CONVERSION = YES;
				CLANG_WARN_OBJC_ROOT_CLASS = YES_ERROR;
				CLANG_WARN_QUOTED_INCLUDE_IN_FRAMEWORK_HEADER = YES;
				CLANG_WARN_RANGE_LOOP_ANALYSIS = YES;
				CLANG_WARN_STRICT_PROTOTYPES = YES;
				CLANG_WARN_SUSPICIOUS_MOVE = YES;
				CLANG_WARN_UNGUARDED_AVAILABILITY = YES_AGGRESSIVE;
				CLANG_WARN_UNREACHABLE_CODE = YES;
				CLANG_WARN__DUPLICATE_METHOD_MATCH = YES;
				COPY_PHASE_STRIP = NO;
				DEBUG_INFORMATION_FORMAT = "dwarf-with-dsym";
				ENABLE_NS_ASSERTIONS = NO;
				ENABLE_STRICT_OBJC_MSGSEND = YES;
				GCC_C_LANGUAGE_STANDARD = gnu11;
				GCC_NO_COMMON_BLOCKS = YES;
				GCC_WARN_64_TO_32_BIT_CONVERSION = YES;
				GCC_WARN_ABOUT_RETURN_TYPE = YES_ERROR;
				GCC_WARN_UNDECLARED_SELECTOR = YES;
				GCC_WARN_UNINITIALIZED_AUTOS = YES_AGGRESSIVE;
				GCC_WARN_UNUSED_FUNCTION = YES;
				GCC_WARN_UNUSED_VARIABLE = YES;
				MTL_ENABLE_DEBUG_INFO = NO;
				MTL_FAST_MATH = YES;
				SWIFT_COMPILATION_MODE = wholemodule;
				SWIFT_OPTIMIZATION_LEVEL = "-O";
			};
			name = Release;
		};
		0916DAD325C1A41C00F0627E /* Debug */ = {
			isa = XCBuildConfiguration;
			buildSettings = {
				ASSETCATALOG_COMPILER_APPICON_NAME = AppIcon;
				ASSETCATALOG_COMPILER_GLOBAL_ACCENT_COLOR_NAME = AccentColor;
				CODE_SIGN_STYLE = Automatic;
				DEVELOPMENT_TEAM = 4F95F96C4N;
				ENABLE_PREVIEWS = YES;
				INFOPLIST_FILE = iOS/Info.plist;
				IPHONEOS_DEPLOYMENT_TARGET = 14.0;
				LD_RUNPATH_SEARCH_PATHS = (
					"$(inherited)",
					"@executable_path/Frameworks",
				);
				PRODUCT_BUNDLE_IDENTIFIER = saucedesigns.ClavaOnboarding;
				PRODUCT_NAME = ClavaOnboarding;
				SDKROOT = iphoneos;
				SWIFT_VERSION = 5.0;
				TARGETED_DEVICE_FAMILY = "1,2";
			};
			name = Debug;
		};
		0916DAD425C1A41C00F0627E /* Release */ = {
			isa = XCBuildConfiguration;
			buildSettings = {
				ASSETCATALOG_COMPILER_APPICON_NAME = AppIcon;
				ASSETCATALOG_COMPILER_GLOBAL_ACCENT_COLOR_NAME = AccentColor;
				CODE_SIGN_STYLE = Automatic;
				DEVELOPMENT_TEAM = 4F95F96C4N;
				ENABLE_PREVIEWS = YES;
				INFOPLIST_FILE = iOS/Info.plist;
				IPHONEOS_DEPLOYMENT_TARGET = 14.0;
				LD_RUNPATH_SEARCH_PATHS = (
					"$(inherited)",
					"@executable_path/Frameworks",
				);
				PRODUCT_BUNDLE_IDENTIFIER = saucedesigns.ClavaOnboarding;
				PRODUCT_NAME = ClavaOnboarding;
				SDKROOT = iphoneos;
				SWIFT_VERSION = 5.0;
				TARGETED_DEVICE_FAMILY = "1,2";
				VALIDATE_PRODUCT = YES;
			};
			name = Release;
		};
		0916DAD625C1A41C00F0627E /* Debug */ = {
			isa = XCBuildConfiguration;
			buildSettings = {
				ASSETCATALOG_COMPILER_APPICON_NAME = AppIcon;
				ASSETCATALOG_COMPILER_GLOBAL_ACCENT_COLOR_NAME = AccentColor;
				CODE_SIGN_ENTITLEMENTS = macOS/macOS.entitlements;
				CODE_SIGN_STYLE = Automatic;
				COMBINE_HIDPI_IMAGES = YES;
				DEVELOPMENT_TEAM = 4F95F96C4N;
				ENABLE_HARDENED_RUNTIME = YES;
				ENABLE_PREVIEWS = YES;
				INFOPLIST_FILE = macOS/Info.plist;
				LD_RUNPATH_SEARCH_PATHS = (
					"$(inherited)",
					"@executable_path/../Frameworks",
				);
				MACOSX_DEPLOYMENT_TARGET = 11.0;
				PRODUCT_BUNDLE_IDENTIFIER = saucedesigns.ClavaOnboarding;
				PRODUCT_NAME = ClavaOnboarding;
				SDKROOT = macosx;
				SWIFT_VERSION = 5.0;
			};
			name = Debug;
		};
		0916DAD725C1A41C00F0627E /* Release */ = {
			isa = XCBuildConfiguration;
			buildSettings = {
				ASSETCATALOG_COMPILER_APPICON_NAME = AppIcon;
				ASSETCATALOG_COMPILER_GLOBAL_ACCENT_COLOR_NAME = AccentColor;
				CODE_SIGN_ENTITLEMENTS = macOS/macOS.entitlements;
				CODE_SIGN_STYLE = Automatic;
				COMBINE_HIDPI_IMAGES = YES;
				DEVELOPMENT_TEAM = 4F95F96C4N;
				ENABLE_HARDENED_RUNTIME = YES;
				ENABLE_PREVIEWS = YES;
				INFOPLIST_FILE = macOS/Info.plist;
				LD_RUNPATH_SEARCH_PATHS = (
					"$(inherited)",
					"@executable_path/../Frameworks",
				);
				MACOSX_DEPLOYMENT_TARGET = 11.0;
				PRODUCT_BUNDLE_IDENTIFIER = saucedesigns.ClavaOnboarding;
				PRODUCT_NAME = ClavaOnboarding;
				SDKROOT = macosx;
				SWIFT_VERSION = 5.0;
			};
			name = Release;
		};
		0916DAD925C1A41C00F0627E /* Debug */ = {
			isa = XCBuildConfiguration;
			buildSettings = {
				ALWAYS_EMBED_SWIFT_STANDARD_LIBRARIES = YES;
				CODE_SIGN_STYLE = Automatic;
				DEVELOPMENT_TEAM = 4F95F96C4N;
				INFOPLIST_FILE = "Tests iOS/Info.plist";
				IPHONEOS_DEPLOYMENT_TARGET = 14.4;
				LD_RUNPATH_SEARCH_PATHS = (
					"$(inherited)",
					"@executable_path/Frameworks",
					"@loader_path/Frameworks",
				);
				PRODUCT_BUNDLE_IDENTIFIER = "saucedesigns.Tests-iOS";
				PRODUCT_NAME = "$(TARGET_NAME)";
				SDKROOT = iphoneos;
				SWIFT_VERSION = 5.0;
				TARGETED_DEVICE_FAMILY = "1,2";
				TEST_TARGET_NAME = "ClavaOnboarding (iOS)";
			};
			name = Debug;
		};
		0916DADA25C1A41C00F0627E /* Release */ = {
			isa = XCBuildConfiguration;
			buildSettings = {
				ALWAYS_EMBED_SWIFT_STANDARD_LIBRARIES = YES;
				CODE_SIGN_STYLE = Automatic;
				DEVELOPMENT_TEAM = 4F95F96C4N;
				INFOPLIST_FILE = "Tests iOS/Info.plist";
				IPHONEOS_DEPLOYMENT_TARGET = 14.4;
				LD_RUNPATH_SEARCH_PATHS = (
					"$(inherited)",
					"@executable_path/Frameworks",
					"@loader_path/Frameworks",
				);
				PRODUCT_BUNDLE_IDENTIFIER = "saucedesigns.Tests-iOS";
				PRODUCT_NAME = "$(TARGET_NAME)";
				SDKROOT = iphoneos;
				SWIFT_VERSION = 5.0;
				TARGETED_DEVICE_FAMILY = "1,2";
				TEST_TARGET_NAME = "ClavaOnboarding (iOS)";
				VALIDATE_PRODUCT = YES;
			};
			name = Release;
		};
		0916DADC25C1A41C00F0627E /* Debug */ = {
			isa = XCBuildConfiguration;
			buildSettings = {
				ALWAYS_EMBED_SWIFT_STANDARD_LIBRARIES = YES;
				CODE_SIGN_STYLE = Automatic;
				COMBINE_HIDPI_IMAGES = YES;
				DEVELOPMENT_TEAM = 4F95F96C4N;
				INFOPLIST_FILE = "Tests macOS/Info.plist";
				LD_RUNPATH_SEARCH_PATHS = (
					"$(inherited)",
					"@executable_path/../Frameworks",
					"@loader_path/../Frameworks",
				);
				MACOSX_DEPLOYMENT_TARGET = 11.1;
				PRODUCT_BUNDLE_IDENTIFIER = "saucedesigns.Tests-macOS";
				PRODUCT_NAME = "$(TARGET_NAME)";
				SDKROOT = macosx;
				SWIFT_VERSION = 5.0;
				TEST_TARGET_NAME = "ClavaOnboarding (macOS)";
			};
			name = Debug;
		};
		0916DADD25C1A41C00F0627E /* Release */ = {
			isa = XCBuildConfiguration;
			buildSettings = {
				ALWAYS_EMBED_SWIFT_STANDARD_LIBRARIES = YES;
				CODE_SIGN_STYLE = Automatic;
				COMBINE_HIDPI_IMAGES = YES;
				DEVELOPMENT_TEAM = 4F95F96C4N;
				INFOPLIST_FILE = "Tests macOS/Info.plist";
				LD_RUNPATH_SEARCH_PATHS = (
					"$(inherited)",
					"@executable_path/../Frameworks",
					"@loader_path/../Frameworks",
				);
				MACOSX_DEPLOYMENT_TARGET = 11.1;
				PRODUCT_BUNDLE_IDENTIFIER = "saucedesigns.Tests-macOS";
				PRODUCT_NAME = "$(TARGET_NAME)";
				SDKROOT = macosx;
				SWIFT_VERSION = 5.0;
				TEST_TARGET_NAME = "ClavaOnboarding (macOS)";
			};
			name = Release;
		};
/* End XCBuildConfiguration section */

/* Begin XCConfigurationList section */
		0916DA9F25C1A41C00F0627E /* Build configuration list for PBXProject "ClavaOnboarding" */ = {
			isa = XCConfigurationList;
			buildConfigurations = (
				0916DAD025C1A41C00F0627E /* Debug */,
				0916DAD125C1A41C00F0627E /* Release */,
			);
			defaultConfigurationIsVisible = 0;
			defaultConfigurationName = Release;
		};
		0916DAD225C1A41C00F0627E /* Build configuration list for PBXNativeTarget "ClavaOnboarding (iOS)" */ = {
			isa = XCConfigurationList;
			buildConfigurations = (
				0916DAD325C1A41C00F0627E /* Debug */,
				0916DAD425C1A41C00F0627E /* Release */,
			);
			defaultConfigurationIsVisible = 0;
			defaultConfigurationName = Release;
		};
		0916DAD525C1A41C00F0627E /* Build configuration list for PBXNativeTarget "ClavaOnboarding (macOS)" */ = {
			isa = XCConfigurationList;
			buildConfigurations = (
				0916DAD625C1A41C00F0627E /* Debug */,
				0916DAD725C1A41C00F0627E /* Release */,
			);
			defaultConfigurationIsVisible = 0;
			defaultConfigurationName = Release;
		};
		0916DAD825C1A41C00F0627E /* Build configuration list for PBXNativeTarget "Tests iOS" */ = {
			isa = XCConfigurationList;
			buildConfigurations = (
				0916DAD925C1A41C00F0627E /* Debug */,
				0916DADA25C1A41C00F0627E /* Release */,
			);
			defaultConfigurationIsVisible = 0;
			defaultConfigurationName = Release;
		};
		0916DADB25C1A41C00F0627E /* Build configuration list for PBXNativeTarget "Tests macOS" */ = {
			isa = XCConfigurationList;
			buildConfigurations = (
				0916DADC25C1A41C00F0627E /* Debug */,
				0916DADD25C1A41C00F0627E /* Release */,
			);
			defaultConfigurationIsVisible = 0;
			defaultConfigurationName = Release;
		};
/* End XCConfigurationList section */
	};
	rootObject = 0916DA9C25C1A41C00F0627E /* Project object */;
}
